
Microsoft Visual Studio Solution File, Format Version 12.00
# Visual Studio Version 17
VisualStudioVersion = 17.0.31912.275
MinimumVisualStudioVersion = 10.0.40219.1
Project("{FAE04EC0-301F-11D3-BF4B-00C04F79EFBC}") = "PostGrad-Web-App", "PostGrad-Web-App\PostGrad-Web-App.csproj", "{4B697C1F-CFAB-4AEC-A784-B011A80E08B4}"
EndProject
Project("{2150E333-8FDC-42A3-9474-1A3956D46DE8}") = "Solution Items", "Solution Items", "{AF92675E-6D42-4B55-90FA-ACEE655E41F3}"
	ProjectSection(SolutionItems) = preProject
		Insertions.sql = Insertions.sql
		Milestone 2 solution.sql = Milestone 2 solution.sql
		SnapeInsertions.sql = SnapeInsertions.sql
	EndProjectSection
EndProject
Global
	GlobalSection(SolutionConfigurationPlatforms) = preSolution
		Debug|Any CPU = Debug|Any CPU
		Release|Any CPU = Release|Any CPU
	EndGlobalSection
	GlobalSection(ProjectConfigurationPlatforms) = postSolution
		{4B697C1F-CFAB-4AEC-A784-B011A80E08B4}.Debug|Any CPU.ActiveCfg = Debug|Any CPU
		{4B697C1F-CFAB-4AEC-A784-B011A80E08B4}.Debug|Any CPU.Build.0 = Debug|Any CPU
		{4B697C1F-CFAB-4AEC-A784-B011A80E08B4}.Release|Any CPU.ActiveCfg = Release|Any CPU
		{4B697C1F-CFAB-4AEC-A784-B011A80E08B4}.Release|Any CPU.Build.0 = Release|Any CPU
	EndGlobalSection
	GlobalSection(SolutionProperties) = preSolution
		HideSolutionNode = FALSE
	EndGlobalSection
	GlobalSection(ExtensibilityGlobals) = postSolution
		SolutionGuid = {58F1507B-A096-46C3-85C4-093364D0DB51}
	EndGlobalSection
EndGlobal
